// !$*UTF8*$!
{
	archiveVersion = 1;
	classes = {
	};
	objectVersion = 60;
	objects = {

/* Begin PBXBuildFile section */
		BD5C042F2B9BC51300890099 /* CombineCoinTrackerApp.swift in Sources */ = {isa = PBXBuildFile; fileRef = BD5C042E2B9BC51300890099 /* CombineCoinTrackerApp.swift */; };
		BD5C04312B9BC51300890099 /* ContentView.swift in Sources */ = {isa = PBXBuildFile; fileRef = BD5C04302B9BC51300890099 /* ContentView.swift */; };
		BD5C04332B9BC51500890099 /* Assets.xcassets in Resources */ = {isa = PBXBuildFile; fileRef = BD5C04322B9BC51500890099 /* Assets.xcassets */; };
		BD5C04362B9BC51500890099 /* Preview Assets.xcassets in Resources */ = {isa = PBXBuildFile; fileRef = BD5C04352B9BC51500890099 /* Preview Assets.xcassets */; };
		BD5C043E2B9BC5A200890099 /* Dependencies in Frameworks */ = {isa = PBXBuildFile; productRef = BD5C043D2B9BC5A200890099 /* Dependencies */; };
		BDA4870C2B9BCE0700FE2798 /* Assembly.swift in Sources */ = {isa = PBXBuildFile; fileRef = BDA4870B2B9BCE0700FE2798 /* Assembly.swift */; };
		BDA487102B9BCE1C00FE2798 /* ContentView.swift in Sources */ = {isa = PBXBuildFile; fileRef = BD5C04302B9BC51300890099 /* ContentView.swift */; };
		BDA487122B9BCE1C00FE2798 /* CombineCoinTrackerApp.swift in Sources */ = {isa = PBXBuildFile; fileRef = BD5C042E2B9BC51300890099 /* CombineCoinTrackerApp.swift */; };
		BDA487142B9BCE1C00FE2798 /* Dependencies in Frameworks */ = {isa = PBXBuildFile; productRef = BDA4870E2B9BCE1C00FE2798 /* Dependencies */; };
		BDA487162B9BCE1C00FE2798 /* Preview Assets.xcassets in Resources */ = {isa = PBXBuildFile; fileRef = BD5C04352B9BC51500890099 /* Preview Assets.xcassets */; };
		BDA487172B9BCE1C00FE2798 /* Assets.xcassets in Resources */ = {isa = PBXBuildFile; fileRef = BD5C04322B9BC51500890099 /* Assets.xcassets */; };
		BDA4871D2B9BCE3D00FE2798 /* AssemblyShared.swift in Sources */ = {isa = PBXBuildFile; fileRef = BDA4871C2B9BCE3D00FE2798 /* AssemblyShared.swift */; };
		BDA487202B9BCE7500FE2798 /* AssemblyShared.swift in Sources */ = {isa = PBXBuildFile; fileRef = BDA4871C2B9BCE3D00FE2798 /* AssemblyShared.swift */; };
		BDA487212B9BCE7800FE2798 /* AssemblyMocks.swift in Sources */ = {isa = PBXBuildFile; fileRef = BDA4871E2B9BCE5500FE2798 /* AssemblyMocks.swift */; };
/* End PBXBuildFile section */

/* Begin PBXFileReference section */
		BD5C042B2B9BC51300890099 /* CombineCoinTracker.app */ = {isa = PBXFileReference; explicitFileType = wrapper.application; includeInIndex = 0; path = CombineCoinTracker.app; sourceTree = BUILT_PRODUCTS_DIR; };
		BD5C042E2B9BC51300890099 /* CombineCoinTrackerApp.swift */ = {isa = PBXFileReference; lastKnownFileType = sourcecode.swift; path = CombineCoinTrackerApp.swift; sourceTree = "<group>"; };
		BD5C04302B9BC51300890099 /* ContentView.swift */ = {isa = PBXFileReference; lastKnownFileType = sourcecode.swift; path = ContentView.swift; sourceTree = "<group>"; };
		BD5C04322B9BC51500890099 /* Assets.xcassets */ = {isa = PBXFileReference; lastKnownFileType = folder.assetcatalog; path = Assets.xcassets; sourceTree = "<group>"; };
		BD5C04352B9BC51500890099 /* Preview Assets.xcassets */ = {isa = PBXFileReference; lastKnownFileType = folder.assetcatalog; path = "Preview Assets.xcassets"; sourceTree = "<group>"; };
		BDA4870B2B9BCE0700FE2798 /* Assembly.swift */ = {isa = PBXFileReference; lastKnownFileType = sourcecode.swift; path = Assembly.swift; sourceTree = "<group>"; };
		BDA4871B2B9BCE1C00FE2798 /* CombineCoinTrackerMocks.app */ = {isa = PBXFileReference; explicitFileType = wrapper.application; includeInIndex = 0; path = CombineCoinTrackerMocks.app; sourceTree = BUILT_PRODUCTS_DIR; };
		BDA4871C2B9BCE3D00FE2798 /* AssemblyShared.swift */ = {isa = PBXFileReference; lastKnownFileType = sourcecode.swift; path = AssemblyShared.swift; sourceTree = "<group>"; };
		BDA4871E2B9BCE5500FE2798 /* AssemblyMocks.swift */ = {isa = PBXFileReference; lastKnownFileType = sourcecode.swift; path = AssemblyMocks.swift; sourceTree = "<group>"; };
/* End PBXFileReference section */

/* Begin PBXFrameworksBuildPhase section */
		BD5C04282B9BC51300890099 /* Frameworks */ = {
			isa = PBXFrameworksBuildPhase;
			buildActionMask = 2147483647;
			files = (
				BD5C043E2B9BC5A200890099 /* Dependencies in Frameworks */,
			);
			runOnlyForDeploymentPostprocessing = 0;
		};
		BDA487132B9BCE1C00FE2798 /* Frameworks */ = {
			isa = PBXFrameworksBuildPhase;
			buildActionMask = 2147483647;
			files = (
				BDA487142B9BCE1C00FE2798 /* Dependencies in Frameworks */,
			);
			runOnlyForDeploymentPostprocessing = 0;
		};
/* End PBXFrameworksBuildPhase section */

/* Begin PBXGroup section */
		BD5C04222B9BC51300890099 = {
			isa = PBXGroup;
			children = (
				BD5C042D2B9BC51300890099 /* CombineCoinTracker */,
				BD5C042C2B9BC51300890099 /* Products */,
			);
			sourceTree = "<group>";
		};
		BD5C042C2B9BC51300890099 /* Products */ = {
			isa = PBXGroup;
			children = (
				BD5C042B2B9BC51300890099 /* CombineCoinTracker.app */,
				BDA4871B2B9BCE1C00FE2798 /* CombineCoinTrackerMocks.app */,
			);
			name = Products;
			sourceTree = "<group>";
		};
		BD5C042D2B9BC51300890099 /* CombineCoinTracker */ = {
			isa = PBXGroup;
			children = (
				BD5C042E2B9BC51300890099 /* CombineCoinTrackerApp.swift */,
				BD5C04302B9BC51300890099 /* ContentView.swift */,
				BDA4870A2B9BCDEF00FE2798 /* Assemblies */,
				BD5C04322B9BC51500890099 /* Assets.xcassets */,
				BD5C04342B9BC51500890099 /* Preview Content */,
			);
			path = CombineCoinTracker;
			sourceTree = "<group>";
		};
		BD5C04342B9BC51500890099 /* Preview Content */ = {
			isa = PBXGroup;
			children = (
				BD5C04352B9BC51500890099 /* Preview Assets.xcassets */,
			);
			path = "Preview Content";
			sourceTree = "<group>";
		};
		BDA4870A2B9BCDEF00FE2798 /* Assemblies */ = {
			isa = PBXGroup;
			children = (
				BDA4870B2B9BCE0700FE2798 /* Assembly.swift */,
				BDA4871C2B9BCE3D00FE2798 /* AssemblyShared.swift */,
				BDA4871E2B9BCE5500FE2798 /* AssemblyMocks.swift */,
			);
			path = Assemblies;
			sourceTree = "<group>";
		};
/* End PBXGroup section */

/* Begin PBXNativeTarget section */
		BD5C042A2B9BC51300890099 /* CombineCoinTracker */ = {
			isa = PBXNativeTarget;
			buildConfigurationList = BD5C04392B9BC51500890099 /* Build configuration list for PBXNativeTarget "CombineCoinTracker" */;
			buildPhases = (
				BD5C04272B9BC51300890099 /* Sources */,
				BD5C04282B9BC51300890099 /* Frameworks */,
				BD5C04292B9BC51300890099 /* Resources */,
			);
			buildRules = (
			);
			dependencies = (
			);
			name = CombineCoinTracker;
			packageProductDependencies = (
				BD5C043D2B9BC5A200890099 /* Dependencies */,
			);
			productName = CombineCoinTracker;
			productReference = BD5C042B2B9BC51300890099 /* CombineCoinTracker.app */;
			productType = "com.apple.product-type.application";
		};
		BDA4870D2B9BCE1C00FE2798 /* CombineCoinTrackerMocks */ = {
			isa = PBXNativeTarget;
			buildConfigurationList = BDA487182B9BCE1C00FE2798 /* Build configuration list for PBXNativeTarget "CombineCoinTrackerMocks" */;
			buildPhases = (
				BDA4870F2B9BCE1C00FE2798 /* Sources */,
				BDA487132B9BCE1C00FE2798 /* Frameworks */,
				BDA487152B9BCE1C00FE2798 /* Resources */,
			);
			buildRules = (
			);
			dependencies = (
			);
			name = CombineCoinTrackerMocks;
			packageProductDependencies = (
				BDA4870E2B9BCE1C00FE2798 /* Dependencies */,
			);
			productName = CombineCoinTracker;
			productReference = BDA4871B2B9BCE1C00FE2798 /* CombineCoinTrackerMocks.app */;
			productType = "com.apple.product-type.application";
		};
/* End PBXNativeTarget section */

/* Begin PBXProject section */
		BD5C04232B9BC51300890099 /* Project object */ = {
			isa = PBXProject;
			attributes = {
				BuildIndependentTargetsInParallel = 1;
				LastSwiftUpdateCheck = 1520;
				LastUpgradeCheck = 1520;
				TargetAttributes = {
					BD5C042A2B9BC51300890099 = {
						CreatedOnToolsVersion = 15.2;
					};
				};
			};
			buildConfigurationList = BD5C04262B9BC51300890099 /* Build configuration list for PBXProject "CombineCoinTracker" */;
			compatibilityVersion = "Xcode 14.0";
			developmentRegion = en;
			hasScannedForEncodings = 0;
			knownRegions = (
				en,
				Base,
			);
			mainGroup = BD5C04222B9BC51300890099;
			packageReferences = (
				BD5C043C2B9BC5A200890099 /* XCLocalSwiftPackageReference "../Dependencies" */,
			);
			productRefGroup = BD5C042C2B9BC51300890099 /* Products */;
			projectDirPath = "";
			projectRoot = "";
			targets = (
				BD5C042A2B9BC51300890099 /* CombineCoinTracker */,
				BDA4870D2B9BCE1C00FE2798 /* CombineCoinTrackerMocks */,
			);
		};
/* End PBXProject section */

/* Begin PBXResourcesBuildPhase section */
		BD5C04292B9BC51300890099 /* Resources */ = {
			isa = PBXResourcesBuildPhase;
			buildActionMask = 2147483647;
			files = (
				BD5C04362B9BC51500890099 /* Preview Assets.xcassets in Resources */,
				BD5C04332B9BC51500890099 /* Assets.xcassets in Resources */,
			);
			runOnlyForDeploymentPostprocessing = 0;
		};
		BDA487152B9BCE1C00FE2798 /* Resources */ = {
			isa = PBXResourcesBuildPhase;
			buildActionMask = 2147483647;
			files = (
				BDA487162B9BCE1C00FE2798 /* Preview Assets.xcassets in Resources */,
				BDA487172B9BCE1C00FE2798 /* Assets.xcassets in Resources */,
			);
			runOnlyForDeploymentPostprocessing = 0;
		};
/* End PBXResourcesBuildPhase section */

/* Begin PBXSourcesBuildPhase section */
		BD5C04272B9BC51300890099 /* Sources */ = {
			isa = PBXSourcesBuildPhase;
			buildActionMask = 2147483647;
			files = (
				BD5C04312B9BC51300890099 /* ContentView.swift in Sources */,
				BDA4870C2B9BCE0700FE2798 /* Assembly.swift in Sources */,
				BDA4871D2B9BCE3D00FE2798 /* AssemblyShared.swift in Sources */,
				BD5C042F2B9BC51300890099 /* CombineCoinTrackerApp.swift in Sources */,
			);
			runOnlyForDeploymentPostprocessing = 0;
		};
		BDA4870F2B9BCE1C00FE2798 /* Sources */ = {
			isa = PBXSourcesBuildPhase;
			buildActionMask = 2147483647;
			files = (
				BDA487202B9BCE7500FE2798 /* AssemblyShared.swift in Sources */,
				BDA487102B9BCE1C00FE2798 /* ContentView.swift in Sources */,
				BDA487122B9BCE1C00FE2798 /* CombineCoinTrackerApp.swift in Sources */,
				BDA487212B9BCE7800FE2798 /* AssemblyMocks.swift in Sources */,
			);
			runOnlyForDeploymentPostprocessing = 0;
		};
/* End PBXSourcesBuildPhase section */

/* Begin XCBuildConfiguration section */
		BD5C04372B9BC51500890099 /* Debug */ = {
			isa = XCBuildConfiguration;
			buildSettings = {
				ALWAYS_SEARCH_USER_PATHS = NO;
				ASSETCATALOG_COMPILER_GENERATE_SWIFT_ASSET_SYMBOL_EXTENSIONS = YES;
				CLANG_ANALYZER_NONNULL = YES;
				CLANG_ANALYZER_NUMBER_OBJECT_CONVERSION = YES_AGGRESSIVE;
				CLANG_CXX_LANGUAGE_STANDARD = "gnu++20";
				CLANG_ENABLE_MODULES = YES;
				CLANG_ENABLE_OBJC_ARC = YES;
				CLANG_ENABLE_OBJC_WEAK = YES;
				CLANG_WARN_BLOCK_CAPTURE_AUTORELEASING = YES;
				CLANG_WARN_BOOL_CONVERSION = YES;
				CLANG_WARN_COMMA = YES;
				CLANG_WARN_CONSTANT_CONVERSION = YES;
				CLANG_WARN_DEPRECATED_OBJC_IMPLEMENTATIONS = YES;
				CLANG_WARN_DIRECT_OBJC_ISA_USAGE = YES_ERROR;
				CLANG_WARN_DOCUMENTATION_COMMENTS = YES;
				CLANG_WARN_EMPTY_BODY = YES;
				CLANG_WARN_ENUM_CONVERSION = YES;
				CLANG_WARN_INFINITE_RECURSION = YES;
				CLANG_WARN_INT_CONVERSION = YES;
				CLANG_WARN_NON_LITERAL_NULL_CONVERSION = YES;
				CLANG_WARN_OBJC_IMPLICIT_RETAIN_SELF = YES;
				CLANG_WARN_OBJC_LITERAL_CONVERSION = YES;
				CLANG_WARN_OBJC_ROOT_CLASS = YES_ERROR;
				CLANG_WARN_QUOTED_INCLUDE_IN_FRAMEWORK_HEADER = YES;
				CLANG_WARN_RANGE_LOOP_ANALYSIS = YES;
				CLANG_WARN_STRICT_PROTOTYPES = YES;
				CLANG_WARN_SUSPICIOUS_MOVE = YES;
				CLANG_WARN_UNGUARDED_AVAILABILITY = YES_AGGRESSIVE;
				CLANG_WARN_UNREACHABLE_CODE = YES;
				CLANG_WARN__DUPLICATE_METHOD_MATCH = YES;
				COPY_PHASE_STRIP = NO;
				DEBUG_INFORMATION_FORMAT = dwarf;
				ENABLE_STRICT_OBJC_MSGSEND = YES;
				ENABLE_TESTABILITY = YES;
				ENABLE_USER_SCRIPT_SANDBOXING = YES;
				GCC_C_LANGUAGE_STANDARD = gnu17;
				GCC_DYNAMIC_NO_PIC = NO;
				GCC_NO_COMMON_BLOCKS = YES;
				GCC_OPTIMIZATION_LEVEL = 0;
				GCC_PREPROCESSOR_DEFINITIONS = (
					"DEBUG=1",
					"$(inherited)",
				);
				GCC_WARN_64_TO_32_BIT_CONVERSION = YES;
				GCC_WARN_ABOUT_RETURN_TYPE = YES_ERROR;
				GCC_WARN_UNDECLARED_SELECTOR = YES;
				GCC_WARN_UNINITIALIZED_AUTOS = YES_AGGRESSIVE;
				GCC_WARN_UNUSED_FUNCTION = YES;
				GCC_WARN_UNUSED_VARIABLE = YES;
				IPHONEOS_DEPLOYMENT_TARGET = 17.2;
				LOCALIZATION_PREFERS_STRING_CATALOGS = YES;
				MTL_ENABLE_DEBUG_INFO = INCLUDE_SOURCE;
				MTL_FAST_MATH = YES;
				ONLY_ACTIVE_ARCH = YES;
				SDKROOT = iphoneos;
				SWIFT_ACTIVE_COMPILATION_CONDITIONS = "DEBUG $(inherited)";
				SWIFT_OPTIMIZATION_LEVEL = "-Onone";
			};
			name = Debug;
		};
		BD5C04382B9BC51500890099 /* Release */ = {
			isa = XCBuildConfiguration;
			buildSettings = {
				ALWAYS_SEARCH_USER_PATHS = NO;
				ASSETCATALOG_COMPILER_GENERATE_SWIFT_ASSET_SYMBOL_EXTENSIONS = YES;
				CLANG_ANALYZER_NONNULL = YES;
				CLANG_ANALYZER_NUMBER_OBJECT_CONVERSION = YES_AGGRESSIVE;
				CLANG_CXX_LANGUAGE_STANDARD = "gnu++20";
				CLANG_ENABLE_MODULES = YES;
				CLANG_ENABLE_OBJC_ARC = YES;
				CLANG_ENABLE_OBJC_WEAK = YES;
				CLANG_WARN_BLOCK_CAPTURE_AUTORELEASING = YES;
				CLANG_WARN_BOOL_CONVERSION = YES;
				CLANG_WARN_COMMA = YES;
				CLANG_WARN_CONSTANT_CONVERSION = YES;
				CLANG_WARN_DEPRECATED_OBJC_IMPLEMENTATIONS = YES;
				CLANG_WARN_DIRECT_OBJC_ISA_USAGE = YES_ERROR;
				CLANG_WARN_DOCUMENTATION_COMMENTS = YES;
				CLANG_WARN_EMPTY_BODY = YES;
				CLANG_WARN_ENUM_CONVERSION = YES;
				CLANG_WARN_INFINITE_RECURSION = YES;
				CLANG_WARN_INT_CONVERSION = YES;
				CLANG_WARN_NON_LITERAL_NULL_CONVERSION = YES;
				CLANG_WARN_OBJC_IMPLICIT_RETAIN_SELF = YES;
				CLANG_WARN_OBJC_LITERAL_CONVERSION = YES;
				CLANG_WARN_OBJC_ROOT_CLASS = YES_ERROR;
				CLANG_WARN_QUOTED_INCLUDE_IN_FRAMEWORK_HEADER = YES;
				CLANG_WARN_RANGE_LOOP_ANALYSIS = YES;
				CLANG_WARN_STRICT_PROTOTYPES = YES;
				CLANG_WARN_SUSPICIOUS_MOVE = YES;
				CLANG_WARN_UNGUARDED_AVAILABILITY = YES_AGGRESSIVE;
				CLANG_WARN_UNREACHABLE_CODE = YES;
				CLANG_WARN__DUPLICATE_METHOD_MATCH = YES;
				COPY_PHASE_STRIP = NO;
				DEBUG_INFORMATION_FORMAT = "dwarf-with-dsym";
				ENABLE_NS_ASSERTIONS = NO;
				ENABLE_STRICT_OBJC_MSGSEND = YES;
				ENABLE_USER_SCRIPT_SANDBOXING = YES;
				GCC_C_LANGUAGE_STANDARD = gnu17;
				GCC_NO_COMMON_BLOCKS = YES;
				GCC_WARN_64_TO_32_BIT_CONVERSION = YES;
				GCC_WARN_ABOUT_RETURN_TYPE = YES_ERROR;
				GCC_WARN_UNDECLARED_SELECTOR = YES;
				GCC_WARN_UNINITIALIZED_AUTOS = YES_AGGRESSIVE;
				GCC_WARN_UNUSED_FUNCTION = YES;
				GCC_WARN_UNUSED_VARIABLE = YES;
				IPHONEOS_DEPLOYMENT_TARGET = 17.2;
				LOCALIZATION_PREFERS_STRING_CATALOGS = YES;
				MTL_ENABLE_DEBUG_INFO = NO;
				MTL_FAST_MATH = YES;
				SDKROOT = iphoneos;
				SWIFT_COMPILATION_MODE = wholemodule;
				VALIDATE_PRODUCT = YES;
			};
			name = Release;
		};
		BD5C043A2B9BC51500890099 /* Debug */ = {
			isa = XCBuildConfiguration;
			buildSettings = {
				ASSETCATALOG_COMPILER_APPICON_NAME = AppIcon;
				ASSETCATALOG_COMPILER_GLOBAL_ACCENT_COLOR_NAME = AccentColor;
				CODE_SIGN_STYLE = Automatic;
				CURRENT_PROJECT_VERSION = 1;
				DEVELOPMENT_ASSET_PATHS = "\"CombineCoinTracker/Preview Content\"";
				DEVELOPMENT_TEAM = 8S5QQT5ZUQ;
				ENABLE_PREVIEWS = YES;
				GENERATE_INFOPLIST_FILE = YES;
				INFOPLIST_KEY_UIApplicationSceneManifest_Generation = YES;
				INFOPLIST_KEY_UIApplicationSupportsIndirectInputEvents = YES;
				INFOPLIST_KEY_UILaunchScreen_Generation = YES;
				INFOPLIST_KEY_UISupportedInterfaceOrientations_iPad = "UIInterfaceOrientationPortrait UIInterfaceOrientationPortraitUpsideDown UIInterfaceOrientationLandscapeLeft UIInterfaceOrientationLandscapeRight";
				INFOPLIST_KEY_UISupportedInterfaceOrientations_iPhone = "UIInterfaceOrientationPortrait UIInterfaceOrientationLandscapeLeft UIInterfaceOrientationLandscapeRight";
				LD_RUNPATH_SEARCH_PATHS = (
					"$(inherited)",
					"@executable_path/Frameworks",
				);
				MARKETING_VERSION = 1.0;
				PRODUCT_BUNDLE_IDENTIFIER = com.matoosens.CombineCoinTracker;
				PRODUCT_NAME = "$(TARGET_NAME)";
				SWIFT_EMIT_LOC_STRINGS = YES;
				SWIFT_VERSION = 5.0;
				TARGETED_DEVICE_FAMILY = "1,2";
			};
			name = Debug;
		};
		BD5C043B2B9BC51500890099 /* Release */ = {
			isa = XCBuildConfiguration;
			buildSettings = {
				ASSETCATALOG_COMPILER_APPICON_NAME = AppIcon;
				ASSETCATALOG_COMPILER_GLOBAL_ACCENT_COLOR_NAME = AccentColor;
				CODE_SIGN_STYLE = Automatic;
				CURRENT_PROJECT_VERSION = 1;
				DEVELOPMENT_ASSET_PATHS = "\"CombineCoinTracker/Preview Content\"";
				DEVELOPMENT_TEAM = 8S5QQT5ZUQ;
				ENABLE_PREVIEWS = YES;
				GENERATE_INFOPLIST_FILE = YES;
				INFOPLIST_KEY_UIApplicationSceneManifest_Generation = YES;
				INFOPLIST_KEY_UIApplicationSupportsIndirectInputEvents = YES;
				INFOPLIST_KEY_UILaunchScreen_Generation = YES;
				INFOPLIST_KEY_UISupportedInterfaceOrientations_iPad = "UIInterfaceOrientationPortrait UIInterfaceOrientationPortraitUpsideDown UIInterfaceOrientationLandscapeLeft UIInterfaceOrientationLandscapeRight";
				INFOPLIST_KEY_UISupportedInterfaceOrientations_iPhone = "UIInterfaceOrientationPortrait UIInterfaceOrientationLandscapeLeft UIInterfaceOrientationLandscapeRight";
				LD_RUNPATH_SEARCH_PATHS = (
					"$(inherited)",
					"@executable_path/Frameworks",
				);
				MARKETING_VERSION = 1.0;
				PRODUCT_BUNDLE_IDENTIFIER = com.matoosens.CombineCoinTracker;
				PRODUCT_NAME = "$(TARGET_NAME)";
				SWIFT_EMIT_LOC_STRINGS = YES;
				SWIFT_VERSION = 5.0;
				TARGETED_DEVICE_FAMILY = "1,2";
			};
			name = Release;
		};
		BDA487192B9BCE1C00FE2798 /* Debug */ = {
			isa = XCBuildConfiguration;
			buildSettings = {
				ASSETCATALOG_COMPILER_APPICON_NAME = AppIcon;
				ASSETCATALOG_COMPILER_GLOBAL_ACCENT_COLOR_NAME = AccentColor;
				CODE_SIGN_STYLE = Automatic;
				CURRENT_PROJECT_VERSION = 1;
				DEVELOPMENT_ASSET_PATHS = "\"CombineCoinTracker/Preview Content\"";
				DEVELOPMENT_TEAM = 8S5QQT5ZUQ;
				ENABLE_PREVIEWS = YES;
				GENERATE_INFOPLIST_FILE = YES;
				INFOPLIST_KEY_UIApplicationSceneManifest_Generation = YES;
				INFOPLIST_KEY_UIApplicationSupportsIndirectInputEvents = YES;
				INFOPLIST_KEY_UILaunchScreen_Generation = YES;
				INFOPLIST_KEY_UISupportedInterfaceOrientations_iPad = "UIInterfaceOrientationPortrait UIInterfaceOrientationPortraitUpsideDown UIInterfaceOrientationLandscapeLeft UIInterfaceOrientationLandscapeRight";
				INFOPLIST_KEY_UISupportedInterfaceOrientations_iPhone = "UIInterfaceOrientationPortrait UIInterfaceOrientationLandscapeLeft UIInterfaceOrientationLandscapeRight";
				LD_RUNPATH_SEARCH_PATHS = (
					"$(inherited)",
					"@executable_path/Frameworks",
				);
				MARKETING_VERSION = 1.0;
				PRODUCT_BUNDLE_IDENTIFIER = com.matoosens.CombineCoinTracker;
				PRODUCT_NAME = "$(TARGET_NAME)";
				SWIFT_EMIT_LOC_STRINGS = YES;
				SWIFT_VERSION = 5.0;
				TARGETED_DEVICE_FAMILY = "1,2";
			};
			name = Debug;
		};
		BDA4871A2B9BCE1C00FE2798 /* Release */ = {
			isa = XCBuildConfiguration;
			buildSettings = {
				ASSETCATALOG_COMPILER_APPICON_NAME = AppIcon;
				ASSETCATALOG_COMPILER_GLOBAL_ACCENT_COLOR_NAME = AccentColor;
				CODE_SIGN_STYLE = Automatic;
				CURRENT_PROJECT_VERSION = 1;
				DEVELOPMENT_ASSET_PATHS = "\"CombineCoinTracker/Preview Content\"";
				DEVELOPMENT_TEAM = 8S5QQT5ZUQ;
				ENABLE_PREVIEWS = YES;
				GENERATE_INFOPLIST_FILE = YES;
				INFOPLIST_KEY_UIApplicationSceneManifest_Generation = YES;
				INFOPLIST_KEY_UIApplicationSupportsIndirectInputEvents = YES;
				INFOPLIST_KEY_UILaunchScreen_Generation = YES;
				INFOPLIST_KEY_UISupportedInterfaceOrientations_iPad = "UIInterfaceOrientationPortrait UIInterfaceOrientationPortraitUpsideDown UIInterfaceOrientationLandscapeLeft UIInterfaceOrientationLandscapeRight";
				INFOPLIST_KEY_UISupportedInterfaceOrientations_iPhone = "UIInterfaceOrientationPortrait UIInterfaceOrientationLandscapeLeft UIInterfaceOrientationLandscapeRight";
				LD_RUNPATH_SEARCH_PATHS = (
					"$(inherited)",
					"@executable_path/Frameworks",
				);
				MARKETING_VERSION = 1.0;
				PRODUCT_BUNDLE_IDENTIFIER = com.matoosens.CombineCoinTracker;
				PRODUCT_NAME = "$(TARGET_NAME)";
				SWIFT_EMIT_LOC_STRINGS = YES;
				SWIFT_VERSION = 5.0;
				TARGETED_DEVICE_FAMILY = "1,2";
			};
			name = Release;
		};
/* End XCBuildConfiguration section */

/* Begin XCConfigurationList section */
		BD5C04262B9BC51300890099 /* Build configuration list for PBXProject "CombineCoinTracker" */ = {
			isa = XCConfigurationList;
			buildConfigurations = (
				BD5C04372B9BC51500890099 /* Debug */,
				BD5C04382B9BC51500890099 /* Release */,
			);
			defaultConfigurationIsVisible = 0;
			defaultConfigurationName = Release;
		};
		BD5C04392B9BC51500890099 /* Build configuration list for PBXNativeTarget "CombineCoinTracker" */ = {
			isa = XCConfigurationList;
			buildConfigurations = (
				BD5C043A2B9BC51500890099 /* Debug */,
				BD5C043B2B9BC51500890099 /* Release */,
			);
			defaultConfigurationIsVisible = 0;
			defaultConfigurationName = Release;
		};
		BDA487182B9BCE1C00FE2798 /* Build configuration list for PBXNativeTarget "CombineCoinTrackerMocks" */ = {
			isa = XCConfigurationList;
			buildConfigurations = (
				BDA487192B9BCE1C00FE2798 /* Debug */,
				BDA4871A2B9BCE1C00FE2798 /* Release */,
			);
			defaultConfigurationIsVisible = 0;
			defaultConfigurationName = Release;
		};
/* End XCConfigurationList section */

/* Begin XCLocalSwiftPackageReference section */
		BD5C043C2B9BC5A200890099 /* XCLocalSwiftPackageReference "../Dependencies" */ = {
			isa = XCLocalSwiftPackageReference;
			relativePath = ../Dependencies;
		};
/* End XCLocalSwiftPackageReference section */

/* Begin XCSwiftPackageProductDependency section */
		BD5C043D2B9BC5A200890099 /* Dependencies */ = {
			isa = XCSwiftPackageProductDependency;
			productName = Dependencies;
		};
		BDA4870E2B9BCE1C00FE2798 /* Dependencies */ = {
			isa = XCSwiftPackageProductDependency;
			productName = Dependencies;
		};
/* End XCSwiftPackageProductDependency section */
	};
	rootObject = BD5C04232B9BC51300890099 /* Project object */;
}
